
Microsoft Visual Studio Solution File, Format Version 12.00
Project("{FAE04EC0-301F-11D3-BF4B-00C04F79EFBC}") = "Hypercube.Utilities", "src\Hypercube.Utilities\Hypercube.Utilities.csproj", "{C33D83E9-817B-4D64-B29E-0ED81DA83AF2}"
EndProject
Project("{FAE04EC0-301F-11D3-BF4B-00C04F79EFBC}") = "Hypercube.Utilities.UnitTests", "src\Hypercube.Utilities.UnitTests\Hypercube.Utilities.UnitTests.csproj", "{B7BF24C7-5A5C-4C26-86B3-A678B0C75C25}"
EndProject
Project("{FAE04EC0-301F-11D3-BF4B-00C04F79EFBC}") = "Hypercube.Utilities.Analyzers", "src\Hypercube.Utilities.Analyzers\Hypercube.Utilities.Analyzers.csproj", "{1AC32600-8A41-49A6-9AA0-9C2FA7CAEA76}"
EndProject
Project("{FAE04EC0-301F-11D3-BF4B-00C04F79EFBC}") = "Hypercube.Utilities.Analyzers.CodeFix", "src\Hypercube.Utilities.Analyzers.CodeFix\Hypercube.Utilities.Analyzers.CodeFix.csproj", "{33E0A347-BAE3-43A1-9D6B-E5AF033CCE16}"
EndProject
Global
	GlobalSection(SolutionConfigurationPlatforms) = preSolution
		Debug|Any CPU = Debug|Any CPU
		Release|Any CPU = Release|Any CPU
	EndGlobalSection
	GlobalSection(ProjectConfigurationPlatforms) = postSolution
		{C33D83E9-817B-4D64-B29E-0ED81DA83AF2}.Debug|Any CPU.ActiveCfg = Debug|Any CPU
		{C33D83E9-817B-4D64-B29E-0ED81DA83AF2}.Debug|Any CPU.Build.0 = Debug|Any CPU
		{C33D83E9-817B-4D64-B29E-0ED81DA83AF2}.Release|Any CPU.ActiveCfg = Release|Any CPU
		{C33D83E9-817B-4D64-B29E-0ED81DA83AF2}.Release|Any CPU.Build.0 = Release|Any CPU
		{B7BF24C7-5A5C-4C26-86B3-A678B0C75C25}.Debug|Any CPU.ActiveCfg = Debug|Any CPU
		{B7BF24C7-5A5C-4C26-86B3-A678B0C75C25}.Debug|Any CPU.Build.0 = Debug|Any CPU
		{B7BF24C7-5A5C-4C26-86B3-A678B0C75C25}.Release|Any CPU.ActiveCfg = Release|Any CPU
		{B7BF24C7-5A5C-4C26-86B3-A678B0C75C25}.Release|Any CPU.Build.0 = Release|Any CPU
		{1AC32600-8A41-49A6-9AA0-9C2FA7CAEA76}.Debug|Any CPU.ActiveCfg = Debug|Any CPU
		{1AC32600-8A41-49A6-9AA0-9C2FA7CAEA76}.Debug|Any CPU.Build.0 = Debug|Any CPU
		{1AC32600-8A41-49A6-9AA0-9C2FA7CAEA76}.Release|Any CPU.ActiveCfg = Release|Any CPU
		{1AC32600-8A41-49A6-9AA0-9C2FA7CAEA76}.Release|Any CPU.Build.0 = Release|Any CPU
		{33E0A347-BAE3-43A1-9D6B-E5AF033CCE16}.Debug|Any CPU.ActiveCfg = Debug|Any CPU
		{33E0A347-BAE3-43A1-9D6B-E5AF033CCE16}.Debug|Any CPU.Build.0 = Debug|Any CPU
		{33E0A347-BAE3-43A1-9D6B-E5AF033CCE16}.Release|Any CPU.ActiveCfg = Release|Any CPU
		{33E0A347-BAE3-43A1-9D6B-E5AF033CCE16}.Release|Any CPU.Build.0 = Release|Any CPU
	EndGlobalSection
EndGlobal
